<?xml version="1.0" encoding="utf-8"?>
<Project ToolsVersion="4.0" xmlns="http://schemas.microsoft.com/developer/msbuild/2003">
  <ItemGroup>
    <Filter Include="Source Files">
      <UniqueIdentifier>{4FC737F1-C7A5-4376-A066-2A32D752A2FF}</UniqueIdentifier>
      <Extensions>cpp;c;cc;cxx;def;odl;idl;hpj;bat;asm;asmx</Extensions>
      <ParseFiles>true</ParseFiles>
    </Filter>
    <Filter Include="Header Files">
      <UniqueIdentifier>{8c7b7238-384d-444e-9086-190c54e1beb9}</UniqueIdentifier>
    </Filter>
  </ItemGroup>
  <ItemGroup>
    <QtMoc Include="include\ascendMQ.h">
      <Filter>Header Files</Filter>
    </QtMoc>
    <QtMoc Include="include\descendMQ.h">
      <Filter>Header Files</Filter>
    </QtMoc>
    <QtMoc Include="include\messageprocessmanage.h">
      <Filter>Header Files</Filter>
    </QtMoc>
    <QtMoc Include="include\messageprocessthread.h">
      <Filter>Header Files</Filter>
    </QtMoc>
    <QtMoc Include="include\tcpserver.h">
      <Filter>Header Files</Filter>
    </QtMoc>
    <QtMoc Include="include\tcpsocket.h">
      <Filter>Header Files</Filter>
    </QtMoc>
  </ItemGroup>
  <ItemGroup>
    <ClInclude Include="include\client.h">
      <Filter>Header Files</Filter>
    </ClInclude>
    <ClInclude Include="include\messageprocesslib_global.h">
      <Filter>Header Files</Filter>
    </ClInclude>
    <ClInclude Include="include\messagesdefinition.h">
      <Filter>Header Files</Filter>
    </ClInclude>
    <ClInclude Include="include\messagesnodedefinition.h">
      <Filter>Header Files</Filter>
    </ClInclude>
    <ClInclude Include="include\threadhandle.h">
      <Filter>Header Files</Filter>
    </ClInclude>
  </ItemGroup>
  <ItemGroup>
    <ClCompile Include="source\ascendMQ.cpp">
      <Filter>Source Files</Filter>
    </ClCompile>
    <ClCompile Include="source\client.cpp">
      <Filter>Source Files</Filter>
    </ClCompile>
    <ClCompile Include="source\DescendMQ.cpp">
      <Filter>Source Files</Filter>
    </ClCompile>
    <ClCompile Include="source\messageprocessmanage.cpp">
      <Filter>Source Files</Filter>
    </ClCompile>
    <ClCompile Include="source\messageprocessthread.cpp">
      <Filter>Source Files</Filter>
    </ClCompile>
    <ClCompile Include="source\tcpserver.cpp">
      <Filter>Source Files</Filter>
    </ClCompile>
    <ClCompile Include="source\tcpsocket.cpp">
      <Filter>Source Files</Filter>
    </ClCompile>
    <ClCompile Include="source\threadhandle.cpp">
      <Filter>Source Files</Filter>
    </ClCompile>
  </ItemGroup>
</Project>