
Microsoft Visual Studio Solution File, Format Version 12.00
# Visual Studio 15
VisualStudioVersion = 15.0.26228.4
MinimumVisualStudioVersion = 10.0.40219.1
Project("{8BC9CEB8-8B4A-11D0-8D11-00A0C91BC942}") = "MessageProcessLib", "MessageProcessLib\MessageProcessLib.vcxproj", "{D9771CAF-8159-49A8-84B6-29B3553EBEA2}"
EndProject
Project("{8BC9CEB8-8B4A-11D0-8D11-00A0C91BC942}") = "DataMonitor", "DataMonitor\DataMonitor.vcxproj", "{8506CC7E-2B92-42ED-AE0E-C7D1E35BE72A}"
	ProjectSection(ProjectDependencies) = postProject
		{D9771CAF-8159-49A8-84B6-29B3553EBEA2} = {D9771CAF-8159-49A8-84B6-29B3553EBEA2}
	EndProjectSection
EndProject
Global
	GlobalSection(SolutionConfigurationPlatforms) = preSolution
		Debug|x64 = Debug|x64
		Release|x64 = Release|x64
	EndGlobalSection
	GlobalSection(ProjectConfigurationPlatforms) = postSolution
		{D9771CAF-8159-49A8-84B6-29B3553EBEA2}.Debug|x64.ActiveCfg = Debug|x64
		{D9771CAF-8159-49A8-84B6-29B3553EBEA2}.Debug|x64.Build.0 = Debug|x64
		{D9771CAF-8159-49A8-84B6-29B3553EBEA2}.Release|x64.ActiveCfg = Release|x64
		{D9771CAF-8159-49A8-84B6-29B3553EBEA2}.Release|x64.Build.0 = Release|x64
		{8506CC7E-2B92-42ED-AE0E-C7D1E35BE72A}.Debug|x64.ActiveCfg = Debug|x64
		{8506CC7E-2B92-42ED-AE0E-C7D1E35BE72A}.Debug|x64.Build.0 = Debug|x64
		{8506CC7E-2B92-42ED-AE0E-C7D1E35BE72A}.Release|x64.ActiveCfg = Release|x64
		{8506CC7E-2B92-42ED-AE0E-C7D1E35BE72A}.Release|x64.Build.0 = Release|x64
	EndGlobalSection
	GlobalSection(SolutionProperties) = preSolution
		HideSolutionNode = FALSE
	EndGlobalSection
	GlobalSection(ExtensibilityGlobals) = postSolution
		Qt5Version = $(DefaultQtVersion)
		SolutionGuid = {E3970259-FDBD-40D7-AC06-0CE9FF027F6E}
	EndGlobalSection
EndGlobal
